{
  "lockfile_version": "1",
  "packages": {
    "ruby@3.2.2": {
      "last_modified": "2023-11-17T14:14:56Z",
      "plugin_version": "0.0.2",
      "resolved": "github:NixOS/nixpkgs/a71323f68d4377d12c04a5410e214495ec598d4c#ruby_3_2",
      "source": "devbox-search",
      "version": "3.2.2",
      "systems": {
        "aarch64-darwin": {
          "store_path": "/nix/store/hff15k475cbvi9kx350g8ha2ayqycmss-ruby-3.2.2"
        },
        "aarch64-linux": {
          "store_path": "/nix/store/2cjnl2sxyd2kr1lnwswfcim2p98wzill-ruby-3.2.2"
        },
        "x86_64-darwin": {
          "store_path": "/nix/store/v7adxlgsgyas0zwirfssh2pyi9icfpk5-ruby-3.2.2"
        },
        "x86_64-linux": {
          "store_path": "/nix/store/cym9m41909x2fihq7xrzv5vivjjf60gj-ruby-3.2.2"
        }
      }
    }
  }
}
